
Microsoft Visual Studio Solution File, Format Version 12.00
# Visual Studio Version 17
VisualStudioVersion = 17.1.32407.343
MinimumVisualStudioVersion = 10.0.40219.1
Project("{FAE04EC0-301F-11D3-BF4B-00C04F79EFBC}") = "ProjectArticle1", "ProjectArticle1\ProjectArticle1.csproj", "{DA435F34-1243-41E0-88B0-7A76C39EAC27}"
EndProject
Global
	GlobalSection(SolutionConfigurationPlatforms) = preSolution
		Debug|Any CPU = Debug|Any CPU
		Release|Any CPU = Release|Any CPU
	EndGlobalSection
	GlobalSection(ProjectConfigurationPlatforms) = postSolution
		{DA435F34-1243-41E0-88B0-7A76C39EAC27}.Debug|Any CPU.ActiveCfg = Debug|Any CPU
		{DA435F34-1243-41E0-88B0-7A76C39EAC27}.Debug|Any CPU.Build.0 = Debug|Any CPU
		{DA435F34-1243-41E0-88B0-7A76C39EAC27}.Release|Any CPU.ActiveCfg = Release|Any CPU
		{DA435F34-1243-41E0-88B0-7A76C39EAC27}.Release|Any CPU.Build.0 = Release|Any CPU
	EndGlobalSection
	GlobalSection(SolutionProperties) = preSolution
		HideSolutionNode = FALSE
	EndGlobalSection
	GlobalSection(ExtensibilityGlobals) = postSolution
		SolutionGuid = {CC129B57-3CAB-44C5-8C1E-F0A5C390E03D}
	EndGlobalSection
EndGlobal
